
Microsoft Visual Studio Solution File, Format Version 12.00
# Visual Studio Version 16
VisualStudioVersion = 16.0.29709.97
MinimumVisualStudioVersion = 10.0.40219.1
Project("{FAE04EC0-301F-11D3-BF4B-00C04F79EFBC}") = "ToolsToLive.AuthCore", "ToolsToLive.AuthCore\ToolsToLive.AuthCore.csproj", "{A8C511D7-E79B-47B2-B5B9-350B21E22A27}"
EndProject
Global
	GlobalSection(SolutionConfigurationPlatforms) = preSolution
		Debug|Any CPU = Debug|Any CPU
		Release|Any CPU = Release|Any CPU
	EndGlobalSection
	GlobalSection(ProjectConfigurationPlatforms) = postSolution
		{A8C511D7-E79B-47B2-B5B9-350B21E22A27}.Debug|Any CPU.ActiveCfg = Debug|Any CPU
		{A8C511D7-E79B-47B2-B5B9-350B21E22A27}.Debug|Any CPU.Build.0 = Debug|Any CPU
		{A8C511D7-E79B-47B2-B5B9-350B21E22A27}.Release|Any CPU.ActiveCfg = Release|Any CPU
		{A8C511D7-E79B-47B2-B5B9-350B21E22A27}.Release|Any CPU.Build.0 = Release|Any CPU
	EndGlobalSection
	GlobalSection(SolutionProperties) = preSolution
		HideSolutionNode = FALSE
	EndGlobalSection
	GlobalSection(ExtensibilityGlobals) = postSolution
		SolutionGuid = {4B3ABCA1-86BD-49F8-8A97-491F7A8F4E2A}
	EndGlobalSection
EndGlobal
